
Microsoft Visual Studio Solution File, Format Version 12.00
# Visual Studio 15
VisualStudioVersion = 15.0.28307.645
MinimumVisualStudioVersion = 10.0.40219.1
Project("{FAE04EC0-301F-11D3-BF4B-00C04F79EFBC}") = "Parcial2JC.Android", "Parcial2JC\Parcial2JC.Android\Parcial2JC.Android.csproj", "{71844324-4156-4D28-9576-E1D0FB0B0B0E}"
EndProject
Project("{FAE04EC0-301F-11D3-BF4B-00C04F79EFBC}") = "Parcial2JC.iOS", "Parcial2JC\Parcial2JC.iOS\Parcial2JC.iOS.csproj", "{D41B1A9D-BA02-451A-A6CE-0054135A2870}"
EndProject
Project("{FAE04EC0-301F-11D3-BF4B-00C04F79EFBC}") = "Parcial2JC", "Parcial2JC\Parcial2JC\Parcial2JC.csproj", "{257D50E0-255A-42C4-8B61-448CB7F0153A}"
EndProject
Global
	GlobalSection(SolutionConfigurationPlatforms) = preSolution
		Ad-Hoc|Any CPU = Ad-Hoc|Any CPU
		Ad-Hoc|iPhone = Ad-Hoc|iPhone
		Ad-Hoc|iPhoneSimulator = Ad-Hoc|iPhoneSimulator
		AppStore|Any CPU = AppStore|Any CPU
		AppStore|iPhone = AppStore|iPhone
		AppStore|iPhoneSimulator = AppStore|iPhoneSimulator
		Debug|Any CPU = Debug|Any CPU
		Debug|iPhone = Debug|iPhone
		Debug|iPhoneSimulator = Debug|iPhoneSimulator
		Release|Any CPU = Release|Any CPU
		Release|iPhone = Release|iPhone
		Release|iPhoneSimulator = Release|iPhoneSimulator
	EndGlobalSection
	GlobalSection(ProjectConfigurationPlatforms) = postSolution
		{71844324-4156-4D28-9576-E1D0FB0B0B0E}.Ad-Hoc|Any CPU.ActiveCfg = Release|Any CPU
		{71844324-4156-4D28-9576-E1D0FB0B0B0E}.Ad-Hoc|Any CPU.Build.0 = Release|Any CPU
		{71844324-4156-4D28-9576-E1D0FB0B0B0E}.Ad-Hoc|Any CPU.Deploy.0 = Release|Any CPU
		{71844324-4156-4D28-9576-E1D0FB0B0B0E}.Ad-Hoc|iPhone.ActiveCfg = Release|Any CPU
		{71844324-4156-4D28-9576-E1D0FB0B0B0E}.Ad-Hoc|iPhone.Build.0 = Release|Any CPU
		{71844324-4156-4D28-9576-E1D0FB0B0B0E}.Ad-Hoc|iPhone.Deploy.0 = Release|Any CPU
		{71844324-4156-4D28-9576-E1D0FB0B0B0E}.Ad-Hoc|iPhoneSimulator.ActiveCfg = Release|Any CPU
		{71844324-4156-4D28-9576-E1D0FB0B0B0E}.Ad-Hoc|iPhoneSimulator.Build.0 = Release|Any CPU
		{71844324-4156-4D28-9576-E1D0FB0B0B0E}.Ad-Hoc|iPhoneSimulator.Deploy.0 = Release|Any CPU
		{71844324-4156-4D28-9576-E1D0FB0B0B0E}.AppStore|Any CPU.ActiveCfg = Release|Any CPU
		{71844324-4156-4D28-9576-E1D0FB0B0B0E}.AppStore|Any CPU.Build.0 = Release|Any CPU
		{71844324-4156-4D28-9576-E1D0FB0B0B0E}.AppStore|Any CPU.Deploy.0 = Release|Any CPU
		{71844324-4156-4D28-9576-E1D0FB0B0B0E}.AppStore|iPhone.ActiveCfg = Release|Any CPU
		{71844324-4156-4D28-9576-E1D0FB0B0B0E}.AppStore|iPhone.Build.0 = Release|Any CPU
		{71844324-4156-4D28-9576-E1D0FB0B0B0E}.AppStore|iPhone.Deploy.0 = Release|Any CPU
		{71844324-4156-4D28-9576-E1D0FB0B0B0E}.AppStore|iPhoneSimulator.ActiveCfg = Release|Any CPU
		{71844324-4156-4D28-9576-E1D0FB0B0B0E}.AppStore|iPhoneSimulator.Build.0 = Release|Any CPU
		{71844324-4156-4D28-9576-E1D0FB0B0B0E}.AppStore|iPhoneSimulator.Deploy.0 = Release|Any CPU
		{71844324-4156-4D28-9576-E1D0FB0B0B0E}.Debug|Any CPU.ActiveCfg = Debug|Any CPU
		{71844324-4156-4D28-9576-E1D0FB0B0B0E}.Debug|Any CPU.Build.0 = Debug|Any CPU
		{71844324-4156-4D28-9576-E1D0FB0B0B0E}.Debug|Any CPU.Deploy.0 = Debug|Any CPU
		{71844324-4156-4D28-9576-E1D0FB0B0B0E}.Debug|iPhone.ActiveCfg = Debug|Any CPU
		{71844324-4156-4D28-9576-E1D0FB0B0B0E}.Debug|iPhone.Build.0 = Debug|Any CPU
		{71844324-4156-4D28-9576-E1D0FB0B0B0E}.Debug|iPhone.Deploy.0 = Debug|Any CPU
		{71844324-4156-4D28-9576-E1D0FB0B0B0E}.Debug|iPhoneSimulator.ActiveCfg = Debug|Any CPU
		{71844324-4156-4D28-9576-E1D0FB0B0B0E}.Debug|iPhoneSimulator.Build.0 = Debug|Any CPU
		{71844324-4156-4D28-9576-E1D0FB0B0B0E}.Debug|iPhoneSimulator.Deploy.0 = Debug|Any CPU
		{71844324-4156-4D28-9576-E1D0FB0B0B0E}.Release|Any CPU.ActiveCfg = Release|Any CPU
		{71844324-4156-4D28-9576-E1D0FB0B0B0E}.Release|Any CPU.Build.0 = Release|Any CPU
		{71844324-4156-4D28-9576-E1D0FB0B0B0E}.Release|Any CPU.Deploy.0 = Release|Any CPU
		{71844324-4156-4D28-9576-E1D0FB0B0B0E}.Release|iPhone.ActiveCfg = Release|Any CPU
		{71844324-4156-4D28-9576-E1D0FB0B0B0E}.Release|iPhone.Build.0 = Release|Any CPU
		{71844324-4156-4D28-9576-E1D0FB0B0B0E}.Release|iPhone.Deploy.0 = Release|Any CPU
		{71844324-4156-4D28-9576-E1D0FB0B0B0E}.Release|iPhoneSimulator.ActiveCfg = Release|Any CPU
		{71844324-4156-4D28-9576-E1D0FB0B0B0E}.Release|iPhoneSimulator.Build.0 = Release|Any CPU
		{71844324-4156-4D28-9576-E1D0FB0B0B0E}.Release|iPhoneSimulator.Deploy.0 = Release|Any CPU
		{D41B1A9D-BA02-451A-A6CE-0054135A2870}.Ad-Hoc|Any CPU.ActiveCfg = Ad-Hoc|iPhone
		{D41B1A9D-BA02-451A-A6CE-0054135A2870}.Ad-Hoc|Any CPU.Build.0 = Ad-Hoc|iPhone
		{D41B1A9D-BA02-451A-A6CE-0054135A2870}.Ad-Hoc|Any CPU.Deploy.0 = Ad-Hoc|iPhone
		{D41B1A9D-BA02-451A-A6CE-0054135A2870}.Ad-Hoc|iPhone.ActiveCfg = Ad-Hoc|iPhone
		{D41B1A9D-BA02-451A-A6CE-0054135A2870}.Ad-Hoc|iPhone.Build.0 = Ad-Hoc|iPhone
		{D41B1A9D-BA02-451A-A6CE-0054135A2870}.Ad-Hoc|iPhone.Deploy.0 = Ad-Hoc|iPhone
		{D41B1A9D-BA02-451A-A6CE-0054135A2870}.Ad-Hoc|iPhoneSimulator.ActiveCfg = Ad-Hoc|iPhoneSimulator
		{D41B1A9D-BA02-451A-A6CE-0054135A2870}.Ad-Hoc|iPhoneSimulator.Build.0 = Ad-Hoc|iPhoneSimulator
		{D41B1A9D-BA02-451A-A6CE-0054135A2870}.Ad-Hoc|iPhoneSimulator.Deploy.0 = Ad-Hoc|iPhoneSimulator
		{D41B1A9D-BA02-451A-A6CE-0054135A2870}.AppStore|Any CPU.ActiveCfg = AppStore|iPhone
		{D41B1A9D-BA02-451A-A6CE-0054135A2870}.AppStore|Any CPU.Build.0 = AppStore|iPhone
		{D41B1A9D-BA02-451A-A6CE-0054135A2870}.AppStore|Any CPU.Deploy.0 = AppStore|iPhone
		{D41B1A9D-BA02-451A-A6CE-0054135A2870}.AppStore|iPhone.ActiveCfg = AppStore|iPhone
		{D41B1A9D-BA02-451A-A6CE-0054135A2870}.AppStore|iPhone.Build.0 = AppStore|iPhone
		{D41B1A9D-BA02-451A-A6CE-0054135A2870}.AppStore|iPhone.Deploy.0 = AppStore|iPhone
		{D41B1A9D-BA02-451A-A6CE-0054135A2870}.AppStore|iPhoneSimulator.ActiveCfg = AppStore|iPhoneSimulator
		{D41B1A9D-BA02-451A-A6CE-0054135A2870}.AppStore|iPhoneSimulator.Build.0 = AppStore|iPhoneSimulator
		{D41B1A9D-BA02-451A-A6CE-0054135A2870}.AppStore|iPhoneSimulator.Deploy.0 = AppStore|iPhoneSimulator
		{D41B1A9D-BA02-451A-A6CE-0054135A2870}.Debug|Any CPU.ActiveCfg = Debug|iPhoneSimulator
		{D41B1A9D-BA02-451A-A6CE-0054135A2870}.Debug|Any CPU.Build.0 = Debug|iPhoneSimulator
		{D41B1A9D-BA02-451A-A6CE-0054135A2870}.Debug|Any CPU.Deploy.0 = Debug|iPhoneSimulator
		{D41B1A9D-BA02-451A-A6CE-0054135A2870}.Debug|iPhone.ActiveCfg = Debug|iPhone
		{D41B1A9D-BA02-451A-A6CE-0054135A2870}.Debug|iPhone.Build.0 = Debug|iPhone
		{D41B1A9D-BA02-451A-A6CE-0054135A2870}.Debug|iPhone.Deploy.0 = Debug|iPhone
		{D41B1A9D-BA02-451A-A6CE-0054135A2870}.Debug|iPhoneSimulator.ActiveCfg = Debug|iPhoneSimulator
		{D41B1A9D-BA02-451A-A6CE-0054135A2870}.Debug|iPhoneSimulator.Build.0 = Debug|iPhoneSimulator
		{D41B1A9D-BA02-451A-A6CE-0054135A2870}.Debug|iPhoneSimulator.Deploy.0 = Debug|iPhoneSimulator
		{D41B1A9D-BA02-451A-A6CE-0054135A2870}.Release|Any CPU.ActiveCfg = Release|iPhone
		{D41B1A9D-BA02-451A-A6CE-0054135A2870}.Release|Any CPU.Build.0 = Release|iPhone
		{D41B1A9D-BA02-451A-A6CE-0054135A2870}.Release|Any CPU.Deploy.0 = Release|iPhone
		{D41B1A9D-BA02-451A-A6CE-0054135A2870}.Release|iPhone.ActiveCfg = Release|iPhone
		{D41B1A9D-BA02-451A-A6CE-0054135A2870}.Release|iPhone.Build.0 = Release|iPhone
		{D41B1A9D-BA02-451A-A6CE-0054135A2870}.Release|iPhone.Deploy.0 = Release|iPhone
		{D41B1A9D-BA02-451A-A6CE-0054135A2870}.Release|iPhoneSimulator.ActiveCfg = Release|iPhoneSimulator
		{D41B1A9D-BA02-451A-A6CE-0054135A2870}.Release|iPhoneSimulator.Build.0 = Release|iPhoneSimulator
		{D41B1A9D-BA02-451A-A6CE-0054135A2870}.Release|iPhoneSimulator.Deploy.0 = Release|iPhoneSimulator
		{257D50E0-255A-42C4-8B61-448CB7F0153A}.Ad-Hoc|Any CPU.ActiveCfg = Debug|Any CPU
		{257D50E0-255A-42C4-8B61-448CB7F0153A}.Ad-Hoc|Any CPU.Build.0 = Debug|Any CPU
		{257D50E0-255A-42C4-8B61-448CB7F0153A}.Ad-Hoc|Any CPU.Deploy.0 = Debug|Any CPU
		{257D50E0-255A-42C4-8B61-448CB7F0153A}.Ad-Hoc|iPhone.ActiveCfg = Debug|Any CPU
		{257D50E0-255A-42C4-8B61-448CB7F0153A}.Ad-Hoc|iPhone.Build.0 = Debug|Any CPU
		{257D50E0-255A-42C4-8B61-448CB7F0153A}.Ad-Hoc|iPhone.Deploy.0 = Debug|Any CPU
		{257D50E0-255A-42C4-8B61-448CB7F0153A}.Ad-Hoc|iPhoneSimulator.ActiveCfg = Debug|Any CPU
		{257D50E0-255A-42C4-8B61-448CB7F0153A}.Ad-Hoc|iPhoneSimulator.Build.0 = Debug|Any CPU
		{257D50E0-255A-42C4-8B61-448CB7F0153A}.Ad-Hoc|iPhoneSimulator.Deploy.0 = Debug|Any CPU
		{257D50E0-255A-42C4-8B61-448CB7F0153A}.AppStore|Any CPU.ActiveCfg = Debug|Any CPU
		{257D50E0-255A-42C4-8B61-448CB7F0153A}.AppStore|Any CPU.Build.0 = Debug|Any CPU
		{257D50E0-255A-42C4-8B61-448CB7F0153A}.AppStore|Any CPU.Deploy.0 = Debug|Any CPU
		{257D50E0-255A-42C4-8B61-448CB7F0153A}.AppStore|iPhone.ActiveCfg = Debug|Any CPU
		{257D50E0-255A-42C4-8B61-448CB7F0153A}.AppStore|iPhone.Build.0 = Debug|Any CPU
		{257D50E0-255A-42C4-8B61-448CB7F0153A}.AppStore|iPhone.Deploy.0 = Debug|Any CPU
		{257D50E0-255A-42C4-8B61-448CB7F0153A}.AppStore|iPhoneSimulator.ActiveCfg = Debug|Any CPU
		{257D50E0-255A-42C4-8B61-448CB7F0153A}.AppStore|iPhoneSimulator.Build.0 = Debug|Any CPU
		{257D50E0-255A-42C4-8B61-448CB7F0153A}.AppStore|iPhoneSimulator.Deploy.0 = Debug|Any CPU
		{257D50E0-255A-42C4-8B61-448CB7F0153A}.Debug|Any CPU.ActiveCfg = Debug|Any CPU
		{257D50E0-255A-42C4-8B61-448CB7F0153A}.Debug|Any CPU.Build.0 = Debug|Any CPU
		{257D50E0-255A-42C4-8B61-448CB7F0153A}.Debug|Any CPU.Deploy.0 = Debug|Any CPU
		{257D50E0-255A-42C4-8B61-448CB7F0153A}.Debug|iPhone.ActiveCfg = Debug|Any CPU
		{257D50E0-255A-42C4-8B61-448CB7F0153A}.Debug|iPhone.Build.0 = Debug|Any CPU
		{257D50E0-255A-42C4-8B61-448CB7F0153A}.Debug|iPhone.Deploy.0 = Debug|Any CPU
		{257D50E0-255A-42C4-8B61-448CB7F0153A}.Debug|iPhoneSimulator.ActiveCfg = Debug|Any CPU
		{257D50E0-255A-42C4-8B61-448CB7F0153A}.Debug|iPhoneSimulator.Build.0 = Debug|Any CPU
		{257D50E0-255A-42C4-8B61-448CB7F0153A}.Debug|iPhoneSimulator.Deploy.0 = Debug|Any CPU
		{257D50E0-255A-42C4-8B61-448CB7F0153A}.Release|Any CPU.ActiveCfg = Release|Any CPU
		{257D50E0-255A-42C4-8B61-448CB7F0153A}.Release|Any CPU.Build.0 = Release|Any CPU
		{257D50E0-255A-42C4-8B61-448CB7F0153A}.Release|Any CPU.Deploy.0 = Release|Any CPU
		{257D50E0-255A-42C4-8B61-448CB7F0153A}.Release|iPhone.ActiveCfg = Release|Any CPU
		{257D50E0-255A-42C4-8B61-448CB7F0153A}.Release|iPhone.Build.0 = Release|Any CPU
		{257D50E0-255A-42C4-8B61-448CB7F0153A}.Release|iPhone.Deploy.0 = Release|Any CPU
		{257D50E0-255A-42C4-8B61-448CB7F0153A}.Release|iPhoneSimulator.ActiveCfg = Release|Any CPU
		{257D50E0-255A-42C4-8B61-448CB7F0153A}.Release|iPhoneSimulator.Build.0 = Release|Any CPU
		{257D50E0-255A-42C4-8B61-448CB7F0153A}.Release|iPhoneSimulator.Deploy.0 = Release|Any CPU
	EndGlobalSection
	GlobalSection(SolutionProperties) = preSolution
		HideSolutionNode = FALSE
	EndGlobalSection
	GlobalSection(ExtensibilityGlobals) = postSolution
		SolutionGuid = {03C09A9E-C58B-4F0B-8165-9F58748C479F}
	EndGlobalSection
EndGlobal
